<?xml version="1.0" encoding="utf-8"?>
<Project ToolsVersion="4.0" xmlns="http://schemas.microsoft.com/developer/msbuild/2003">
  <ItemGroup>
    <Filter Include="MainGame Files">
      <UniqueIdentifier>{4FC737F1-C7A5-4376-A066-2A32D752A2FF}</UniqueIdentifier>
      <Extensions>cpp;c;cc;cxx;c++;cppm;ixx;def;odl;idl;hpj;bat;asm;asmx</Extensions>
    </Filter>
    <Filter Include="Character Files">
      <UniqueIdentifier>{2a16c7cd-68b2-47d2-85eb-97eb12345322}</UniqueIdentifier>
    </Filter>
    <Filter Include="Enemy Files">
      <UniqueIdentifier>{dd6b2f04-6bba-40b8-9f09-fe52b3620abf}</UniqueIdentifier>
    </Filter>
    <Filter Include="GameMap Files">
      <UniqueIdentifier>{a84d754a-7360-4fec-a70d-d56a0594109b}</UniqueIdentifier>
    </Filter>
    <Filter Include="MusicStuff">
      <UniqueIdentifier>{00678854-65e3-477e-80f8-7d91a5b92194}</UniqueIdentifier>
    </Filter>
    <Filter Include="Inventory Files">
      <UniqueIdentifier>{b3c8d12e-138d-4d4c-a3d7-d3c0d712fe1c}</UniqueIdentifier>
    </Filter>
    <Filter Include="Utility Functions">
      <UniqueIdentifier>{b42d8f32-a4fe-429c-91cf-d36dd3d66c82}</UniqueIdentifier>
    </Filter>
    <Filter Include="NPC Files">
      <UniqueIdentifier>{a4fc220a-e885-44f2-9fb3-4239f0b40815}</UniqueIdentifier>
    </Filter>
  </ItemGroup>
  <ItemGroup>
    <ClInclude Include="character.h">
      <Filter>Character Files</Filter>
    </ClInclude>
    <ClInclude Include="enemy.h">
      <Filter>Enemy Files</Filter>
    </ClInclude>
    <ClInclude Include="Level1.h">
      <Filter>GameMap Files</Filter>
    </ClInclude>
    <ClInclude Include="Level2.h">
      <Filter>GameMap Files</Filter>
    </ClInclude>
    <ClInclude Include="Level3.h">
      <Filter>GameMap Files</Filter>
    </ClInclude>
    <ClInclude Include="Level4.h">
      <Filter>GameMap Files</Filter>
    </ClInclude>
    <ClInclude Include="FinalLevel.h">
      <Filter>GameMap Files</Filter>
    </ClInclude>
    <ClInclude Include="SqueeGeeCity.h">
      <Filter>GameMap Files</Filter>
    </ClInclude>
    <ClInclude Include="VacuumVille.h">
      <Filter>GameMap Files</Filter>
    </ClInclude>
    <ClInclude Include="GraphMap.h">
      <Filter>GameMap Files</Filter>
    </ClInclude>
    <ClInclude Include="utility.h">
      <Filter>Utility Functions</Filter>
    </ClInclude>
    <ClInclude Include="npc.h">
      <Filter>NPC Files</Filter>
    </ClInclude>
    <ClInclude Include="inventory.h">
      <Filter>Inventory Files</Filter>
    </ClInclude>
  </ItemGroup>
  <ItemGroup>
    <ClCompile Include="MopMania.cpp">
      <Filter>MainGame Files</Filter>
    </ClCompile>
    <ClCompile Include="character.cpp">
      <Filter>Character Files</Filter>
    </ClCompile>
    <ClCompile Include="Level1.cpp">
      <Filter>GameMap Files</Filter>
    </ClCompile>
    <ClCompile Include="Level2.cpp">
      <Filter>GameMap Files</Filter>
    </ClCompile>
    <ClCompile Include="Level3.cpp">
      <Filter>GameMap Files</Filter>
    </ClCompile>
    <ClCompile Include="Level4.cpp">
      <Filter>GameMap Files</Filter>
    </ClCompile>
    <ClCompile Include="FinalLevel.cpp">
      <Filter>GameMap Files</Filter>
    </ClCompile>
    <ClCompile Include="VacuumVille.cpp">
      <Filter>GameMap Files</Filter>
    </ClCompile>
    <ClCompile Include="SqueeGeeCity.cpp">
      <Filter>GameMap Files</Filter>
    </ClCompile>
    <ClCompile Include="GraphMap.cpp">
      <Filter>GameMap Files</Filter>
    </ClCompile>
    <ClCompile Include="enemy.cpp">
      <Filter>Enemy Files</Filter>
    </ClCompile>
    <ClCompile Include="utility.cpp">
      <Filter>Utility Functions</Filter>
    </ClCompile>
    <ClCompile Include="npc.cpp">
      <Filter>NPC Files</Filter>
    </ClCompile>
  </ItemGroup>
  <ItemGroup>
    <Media Include="void.wav">
      <Filter>MusicStuff</Filter>
    </Media>
    <Media Include="dies-irae-chant.wav">
      <Filter>MusicStuff</Filter>
    </Media>
    <Media Include="battlemusic.wav">
      <Filter>MusicStuff</Filter>
    </Media>
    <Media Include="GoDown.wav">
      <Filter>MusicStuff</Filter>
    </Media>
    <Media Include="vine-boom.wav">
      <Filter>MusicStuff</Filter>
    </Media>
    <Media Include="metalPipe.wav">
      <Filter>MusicStuff</Filter>
    </Media>
  </ItemGroup>
</Project>